
Microsoft Visual Studio Solution File, Format Version 12.00
# Visual Studio 15
VisualStudioVersion = 15.0.28010.2050
MinimumVisualStudioVersion = 10.0.40219.1
Project("{8BC9CEB8-8B4A-11D0-8D11-00A0C91BC942}") = "pa2", "pa2\pa2.vcxproj", "{20CFBC59-0060-4CD9-94F0-D47842D59B7E}"
EndProject
Global
	GlobalSection(SolutionConfigurationPlatforms) = preSolution
		Debug|x64 = Debug|x64
		Debug|x86 = Debug|x86
		Release|x64 = Release|x64
		Release|x86 = Release|x86
	EndGlobalSection
	GlobalSection(ProjectConfigurationPlatforms) = postSolution
		{20CFBC59-0060-4CD9-94F0-D47842D59B7E}.Debug|x64.ActiveCfg = Debug|x64
		{20CFBC59-0060-4CD9-94F0-D47842D59B7E}.Debug|x64.Build.0 = Debug|x64
		{20CFBC59-0060-4CD9-94F0-D47842D59B7E}.Debug|x86.ActiveCfg = Debug|Win32
		{20CFBC59-0060-4CD9-94F0-D47842D59B7E}.Debug|x86.Build.0 = Debug|Win32
		{20CFBC59-0060-4CD9-94F0-D47842D59B7E}.Release|x64.ActiveCfg = Release|x64
		{20CFBC59-0060-4CD9-94F0-D47842D59B7E}.Release|x64.Build.0 = Release|x64
		{20CFBC59-0060-4CD9-94F0-D47842D59B7E}.Release|x86.ActiveCfg = Release|Win32
		{20CFBC59-0060-4CD9-94F0-D47842D59B7E}.Release|x86.Build.0 = Release|Win32
	EndGlobalSection
	GlobalSection(SolutionProperties) = preSolution
		HideSolutionNode = FALSE
	EndGlobalSection
	GlobalSection(ExtensibilityGlobals) = postSolution
		SolutionGuid = {14675D10-941A-4993-BEE7-1A9309E07774}
	EndGlobalSection
EndGlobal
